{
  "lockfileVersion": 1,
  "workspaces": {
    "": {
      "dependencies": {
        "p5": "^1.11.3",
      },
      "devDependencies": {
        "@types/p5": "^1.7.6",
      },
    },
  },
  "packages": {
    "@types/p5": ["@types/p5@1.7.6", "", {}, "sha512-6pLTOo0V3N5jZb5nTwjiv3lPHLK3Z/TjbhQUj8CTWXocUk1Z/f6OHTp3Pcwi1BhWnf5gqKUcyEb1gP0KIJuQgw=="],

    "p5": ["p5@1.11.3", "", {}, "sha512-5eiyuZ3Pvo6ucr3nr8AzD+qwpoleiIEF2a2HmiO6PJM1tnbD0LmLlckZyYGJATs0tdmRjc37Muh6KPS4d1FHHg=="],
  }
}
